
Microsoft Visual Studio Solution File, Format Version 12.00
Project("{FAE04EC0-301F-11D3-BF4B-00C04F79EFBC}") = "WebApiBackgroundServices", "WebApiBackgroundServices\WebApiBackgroundServices.csproj", "{5FF468E2-FAC5-4F07-8D4B-52D6B8CA9B1C}"
EndProject
Global
	GlobalSection(SolutionConfigurationPlatforms) = preSolution
		Debug|Any CPU = Debug|Any CPU
		Release|Any CPU = Release|Any CPU
	EndGlobalSection
	GlobalSection(ProjectConfigurationPlatforms) = postSolution
		{5FF468E2-FAC5-4F07-8D4B-52D6B8CA9B1C}.Debug|Any CPU.ActiveCfg = Debug|Any CPU
		{5FF468E2-FAC5-4F07-8D4B-52D6B8CA9B1C}.Debug|Any CPU.Build.0 = Debug|Any CPU
		{5FF468E2-FAC5-4F07-8D4B-52D6B8CA9B1C}.Release|Any CPU.ActiveCfg = Release|Any CPU
		{5FF468E2-FAC5-4F07-8D4B-52D6B8CA9B1C}.Release|Any CPU.Build.0 = Release|Any CPU
	EndGlobalSection
EndGlobal
